{
  "projects": [
    {
      "projectId": "seaQhLVS4bbjiGvJJrRwyL",
      "version": "15.0.3",
      "dependencies": {},
      "lang": "js",
      "fileLocks": [
        {
          "assetId": "seaQhLVS4bbjiGvJJrRwyL",
          "type": "projectCss",
          "checksum": "3a2c1605ed5a5a7896e997467a883c93"
        }
      ],
      "codegenVersion": "0.0.1"
    },
    {
      "projectId": "hRonsRSUBMZALP4tvDgRLM",
      "version": "latest",
      "dependencies": {
        "seaQhLVS4bbjiGvJJrRwyL": "15.0.3"
      },
      "lang": "js",
      "fileLocks": [
        {
          "type": "globalVariant",
          "assetId": "VWsL148lAzc-FQ",
          "checksum": "78ce4b99e011be7909461cb709d8e4a9"
        },
        {
          "type": "renderModule",
          "assetId": "ehMIGjN8B_sqY",
          "checksum": "0d787532325a72d7b5f6d2d927f5d89a"
        },
        {
          "type": "cssRules",
          "assetId": "ehMIGjN8B_sqY",
          "checksum": "0d787532325a72d7b5f6d2d927f5d89a"
        },
        {
          "type": "renderModule",
          "assetId": "N3T2VsbjKJXyS",
          "checksum": "9ba98ae9aaa449b39ee4d3d8b07b09b3"
        },
        {
          "type": "cssRules",
          "assetId": "N3T2VsbjKJXyS",
          "checksum": "9ba98ae9aaa449b39ee4d3d8b07b09b3"
        },
        {
          "type": "renderModule",
          "assetId": "f6-Y3O3rt0SnD",
          "checksum": "52bbea3c635428729dd9473b20728bfe"
        },
        {
          "type": "cssRules",
          "assetId": "f6-Y3O3rt0SnD",
          "checksum": "52bbea3c635428729dd9473b20728bfe"
        },
        {
          "type": "renderModule",
          "assetId": "994qw5BZuU9RO",
          "checksum": "d70264ea804c20287bb6256d81b0887c"
        },
        {
          "type": "cssRules",
          "assetId": "994qw5BZuU9RO",
          "checksum": "d70264ea804c20287bb6256d81b0887c"
        },
        {
          "type": "renderModule",
          "assetId": "xNfw6189E2Z3X",
          "checksum": "ef117f798400c952232e5189a8647351"
        },
        {
          "type": "cssRules",
          "assetId": "xNfw6189E2Z3X",
          "checksum": "ef117f798400c952232e5189a8647351"
        },
        {
          "type": "renderModule",
          "assetId": "O43IfOMBY9HZc",
          "checksum": "c7e5c69738c1247f631337d416857cb8"
        },
        {
          "type": "cssRules",
          "assetId": "O43IfOMBY9HZc",
          "checksum": "c7e5c69738c1247f631337d416857cb8"
        },
        {
          "type": "renderModule",
          "assetId": "DyO3l7zGQP7YyF",
          "checksum": "1b70c526425ee254b6898de468148a65"
        },
        {
          "type": "cssRules",
          "assetId": "DyO3l7zGQP7YyF",
          "checksum": "1b70c526425ee254b6898de468148a65"
        },
        {
          "type": "renderModule",
          "assetId": "4bhX6UHnDp3Yb8",
          "checksum": "aad1b3898eb40b722cdae07eb12da8d4"
        },
        {
          "type": "cssRules",
          "assetId": "4bhX6UHnDp3Yb8",
          "checksum": "aad1b3898eb40b722cdae07eb12da8d4"
        },
        {
          "type": "renderModule",
          "assetId": "Sbzi9bw5M9GpcM",
          "checksum": "cceb316866bcb10d6060cbcf68eaf398"
        },
        {
          "type": "cssRules",
          "assetId": "Sbzi9bw5M9GpcM",
          "checksum": "cceb316866bcb10d6060cbcf68eaf398"
        },
        {
          "type": "renderModule",
          "assetId": "PffwaCzrUgpHUV",
          "checksum": "5936827e661c308c24003075e537b8d0"
        },
        {
          "type": "cssRules",
          "assetId": "PffwaCzrUgpHUV",
          "checksum": "5936827e661c308c24003075e537b8d0"
        },
        {
          "type": "renderModule",
          "assetId": "9Wn_URweBfYeqs",
          "checksum": "e9cec453b847302e9fe4bf8bfa3e281c"
        },
        {
          "type": "cssRules",
          "assetId": "9Wn_URweBfYeqs",
          "checksum": "e9cec453b847302e9fe4bf8bfa3e281c"
        },
        {
          "type": "renderModule",
          "assetId": "OTtVefpWWA94LP",
          "checksum": "cd14c8b073dc259b567c100c977b06a6"
        },
        {
          "type": "cssRules",
          "assetId": "OTtVefpWWA94LP",
          "checksum": "cd14c8b073dc259b567c100c977b06a6"
        },
        {
          "type": "renderModule",
          "assetId": "HEq2zUNpigzRHr",
          "checksum": "a53fc0276e1089e241d04b16b47737eb"
        },
        {
          "type": "cssRules",
          "assetId": "HEq2zUNpigzRHr",
          "checksum": "a53fc0276e1089e241d04b16b47737eb"
        },
        {
          "type": "renderModule",
          "assetId": "YxpSR_kpmEPm8d",
          "checksum": "5bcdc6f76ba737840549715cff4416f6"
        },
        {
          "type": "cssRules",
          "assetId": "YxpSR_kpmEPm8d",
          "checksum": "5bcdc6f76ba737840549715cff4416f6"
        },
        {
          "type": "renderModule",
          "assetId": "ppN2kpKclMIpYP",
          "checksum": "bbbe50e583dbaffbe78207a0d9208ff0"
        },
        {
          "type": "cssRules",
          "assetId": "ppN2kpKclMIpYP",
          "checksum": "bbbe50e583dbaffbe78207a0d9208ff0"
        },
        {
          "type": "renderModule",
          "assetId": "nfXkj2l6vptXDw",
          "checksum": "6de1aba960d6a447c964ba0685db1036"
        },
        {
          "type": "cssRules",
          "assetId": "nfXkj2l6vptXDw",
          "checksum": "6de1aba960d6a447c964ba0685db1036"
        },
        {
          "type": "renderModule",
          "assetId": "nhlNKPJYgoD42t",
          "checksum": "9fd77798a7912a91c72de75d06f7a023"
        },
        {
          "type": "cssRules",
          "assetId": "nhlNKPJYgoD42t",
          "checksum": "9fd77798a7912a91c72de75d06f7a023"
        },
        {
          "type": "icon",
          "assetId": "eWOTwJasWIqPga",
          "checksum": "5f13779738684832427f2b23e565b3c6"
        },
        {
          "type": "icon",
          "assetId": "-cL9n29R2kM7kB",
          "checksum": "9f732103ac096309e1d33fe1f80c9b02"
        },
        {
          "type": "icon",
          "assetId": "O5b7Rb2txTY1r0",
          "checksum": "7027dd0b99f5a9ce92b3a5b0ea80275f"
        },
        {
          "type": "icon",
          "assetId": "W6gKag4nAW0-zP",
          "checksum": "544ef2b81c1149d6f4b666a5f8d73b3b"
        },
        {
          "type": "icon",
          "assetId": "t6r2S5mTMLRQIK",
          "checksum": "bd9936754b79c90597a8f67770f108d6"
        },
        {
          "type": "icon",
          "assetId": "jB7j8zKHrBSycX",
          "checksum": "a7b84b675e7192b8b2248d7213bbfde8"
        },
        {
          "type": "icon",
          "assetId": "aOqGqJ_sfEvYuK",
          "checksum": "283c96be17d769e7c15421ef17906dfe"
        },
        {
          "type": "icon",
          "assetId": "Dih9M5W2ua2mzH",
          "checksum": "581a3d0e96711b57b6bc52c478c2b745"
        },
        {
          "type": "icon",
          "assetId": "gmNwYkY7VRgyk1",
          "checksum": "5bea689f56b7703a9dee6731b744496d"
        },
        {
          "type": "icon",
          "assetId": "7bxaoHDbTyTDmY",
          "checksum": "463af3fa02aaaffdd3ecd9507590cc34"
        },
        {
          "type": "icon",
          "assetId": "p0vJfa44ImzqY4",
          "checksum": "eb24a5fb57a109d33d8656cc084eaeb8"
        },
        {
          "type": "icon",
          "assetId": "tytZe6sBDych1x",
          "checksum": "cf5ba09a577ac34fd87f2f6c2d99f83f"
        },
        {
          "type": "icon",
          "assetId": "DdnZmZljN49O8b",
          "checksum": "d0929c478417e4024e8b29fa2ecdcd88"
        },
        {
          "type": "icon",
          "assetId": "Xtid9bfy4XStSw",
          "checksum": "cc86c3ecfe93b0be7788e0c750a7db9b"
        },
        {
          "type": "icon",
          "assetId": "5k-5UUyMIgJR_F",
          "checksum": "498b0f1596e666c86d60db6a94e00003"
        },
        {
          "type": "icon",
          "assetId": "i6L8bfRlMDWiLW",
          "checksum": "921f5c984ef93cdeb21150cd2540a590"
        },
        {
          "type": "icon",
          "assetId": "6L41zTBp6kNwQj",
          "checksum": "4b3151cbdd68a7e890ecc34267a1dbef"
        },
        {
          "type": "icon",
          "assetId": "ClCDLa2ll3B5IM",
          "checksum": "ad1ffb679ef7a3d42d77e8163b32a0ce"
        },
        {
          "type": "icon",
          "assetId": "WHptdrhWPIE929",
          "checksum": "14de7ec7eee9b5c3a0e4bd9cf9c4f51c"
        },
        {
          "type": "icon",
          "assetId": "IxYxhYLqufRhR8",
          "checksum": "255d71db97da7d94c302e1eccedb32a3"
        },
        {
          "type": "icon",
          "assetId": "iBFFP0w5HGS99i",
          "checksum": "76cc2d850afe7cb7a9cf59a4ce60ce72"
        },
        {
          "type": "icon",
          "assetId": "ch-aGeMdRoS56g",
          "checksum": "360d2a053dcda56020b6d7923ebb4ecf"
        },
        {
          "type": "image",
          "assetId": "pnfMl0HKBzaj-x",
          "checksum": "3d484409dcd074baff4536902796d52b"
        },
        {
          "type": "image",
          "assetId": "YqtPATXNT5493_",
          "checksum": "d090691f10fb67b67c0ca623fac978d2"
        },
        {
          "type": "image",
          "assetId": "vfU98EC_TsNE3T",
          "checksum": "b017468a44dd40ca3908bcf606de0269"
        },
        {
          "type": "image",
          "assetId": "3HGM2aol7Qg2zH",
          "checksum": "9ac85878ca27ff680fc631ac188dbda9"
        },
        {
          "assetId": "hRonsRSUBMZALP4tvDgRLM",
          "type": "projectCss",
          "checksum": "de6e0d9896b5324a3e3e9f6a22a4c8a8"
        }
      ],
      "codegenVersion": "0.0.1"
    }
  ],
  "cliVersion": "0.1.186"
}
